
Microsoft Visual Studio Solution File, Format Version 12.00
# Visual Studio 15
VisualStudioVersion = 15.0.28307.489
MinimumVisualStudioVersion = 10.0.40219.1
Project("{9A19103F-16F7-4668-BE54-9A1E7A4F7556}") = "BrontoTransactionalEndpoint", "BrontoTransactionalEndpoint.csproj", "{1411CA30-11F6-4930-8181-46BBFB90FACD}"
EndProject
Global
	GlobalSection(SolutionConfigurationPlatforms) = preSolution
		Debug|Any CPU = Debug|Any CPU
		Release|Any CPU = Release|Any CPU
	EndGlobalSection
	GlobalSection(ProjectConfigurationPlatforms) = postSolution
		{1411CA30-11F6-4930-8181-46BBFB90FACD}.Debug|Any CPU.ActiveCfg = Debug|Any CPU
		{1411CA30-11F6-4930-8181-46BBFB90FACD}.Debug|Any CPU.Build.0 = Debug|Any CPU
		{1411CA30-11F6-4930-8181-46BBFB90FACD}.Release|Any CPU.ActiveCfg = Release|Any CPU
		{1411CA30-11F6-4930-8181-46BBFB90FACD}.Release|Any CPU.Build.0 = Release|Any CPU
	EndGlobalSection
	GlobalSection(SolutionProperties) = preSolution
		HideSolutionNode = FALSE
	EndGlobalSection
	GlobalSection(ExtensibilityGlobals) = postSolution
		SolutionGuid = {9294C064-A87E-4934-9EF9-A922D19FC0C8}
	EndGlobalSection
EndGlobal
